
Microsoft Visual Studio Solution File, Format Version 12.00
# Visual Studio Version 17
VisualStudioVersion = 17.6.33829.357
MinimumVisualStudioVersion = 10.0.40219.1
Project("{FAE04EC0-301F-11D3-BF4B-00C04F79EFBC}") = "WebAppApiJWT", "WebAppApiJWT.csproj", "{64DA8613-56B6-45A5-87EF-29B938672D39}"
EndProject
Project("{FAE04EC0-301F-11D3-BF4B-00C04F79EFBC}") = "JwtMiddleware", "..\JwtMiddleware\JwtMiddleware.csproj", "{76A511B6-4673-44CC-8D37-FD29DAAA3392}"
EndProject
Global
	GlobalSection(SolutionConfigurationPlatforms) = preSolution
		Debug|Any CPU = Debug|Any CPU
		Release|Any CPU = Release|Any CPU
	EndGlobalSection
	GlobalSection(ProjectConfigurationPlatforms) = postSolution
		{64DA8613-56B6-45A5-87EF-29B938672D39}.Debug|Any CPU.ActiveCfg = Debug|Any CPU
		{64DA8613-56B6-45A5-87EF-29B938672D39}.Debug|Any CPU.Build.0 = Debug|Any CPU
		{64DA8613-56B6-45A5-87EF-29B938672D39}.Release|Any CPU.ActiveCfg = Release|Any CPU
		{64DA8613-56B6-45A5-87EF-29B938672D39}.Release|Any CPU.Build.0 = Release|Any CPU
		{76A511B6-4673-44CC-8D37-FD29DAAA3392}.Debug|Any CPU.ActiveCfg = Debug|Any CPU
		{76A511B6-4673-44CC-8D37-FD29DAAA3392}.Debug|Any CPU.Build.0 = Debug|Any CPU
		{76A511B6-4673-44CC-8D37-FD29DAAA3392}.Release|Any CPU.ActiveCfg = Release|Any CPU
		{76A511B6-4673-44CC-8D37-FD29DAAA3392}.Release|Any CPU.Build.0 = Release|Any CPU
	EndGlobalSection
	GlobalSection(SolutionProperties) = preSolution
		HideSolutionNode = FALSE
	EndGlobalSection
	GlobalSection(ExtensibilityGlobals) = postSolution
		SolutionGuid = {E21EFED9-C415-4D19-8561-2959F614F0F2}
	EndGlobalSection
EndGlobal
